# THIS IS AN AUTOGENERATED FILE. DO NOT EDIT THIS FILE DIRECTLY.
# yarn lockfile v1


"@noble/curves@1.1.0":
  version "1.1.0"
  resolved "https://registry.npmmirror.com/@noble/curves/-/curves-1.1.0.tgz"
  integrity sha512-091oBExgENk/kGj3AZmtBDMpxQPDtxQABR2B9lb1JbVTs6ytdzZNwvhxQ4MWasRNEzlbEH8jCWFCwhF/Obj5AA==
  dependencies:
    "@noble/hashes" "1.3.1"

"@noble/hashes@1.3.1":
  version "1.3.1"
  resolved "https://registry.npmmirror.com/@noble/hashes/-/hashes-1.3.1.tgz"
  integrity sha512-EbqwksQwz9xDRGfDST86whPBgM65E0OH/pCgqW0GBVzO22bNE+NuIbeTb714+IfSjU3aRk47EUvXIb5bTsenKA==

"@polkadot/api-augment@10.9.1":
  version "10.9.1"
  resolved "https://registry.npmmirror.com/@polkadot/api-augment/-/api-augment-10.9.1.tgz"
  integrity sha512-kRZZvCFVcN4hAH4dJ+Qzfdy27/4EEq3oLDf3ihj0LTVrAezSWcKPGE3EVFy+Mn6Lo4SUc7RVyoKvIUhSk2l4Dg==
  dependencies:
    "@polkadot/api-base" "10.9.1"
    "@polkadot/rpc-augment" "10.9.1"
    "@polkadot/types" "10.9.1"
    "@polkadot/types-augment" "10.9.1"
    "@polkadot/types-codec" "10.9.1"
    "@polkadot/util" "^12.3.1"
    tslib "^2.5.3"

"@polkadot/api-base@10.9.1":
  version "10.9.1"
  resolved "https://registry.npmmirror.com/@polkadot/api-base/-/api-base-10.9.1.tgz"
  integrity sha512-Q3m2KzlceMK2kX8bhnUZWk3RT6emmijeeFZZQgCePpEcrSeNjnqG4qjuTPgkveaOkUT8MAoDc5Avuzcc2jlW9g==
  dependencies:
    "@polkadot/rpc-core" "10.9.1"
    "@polkadot/types" "10.9.1"
    "@polkadot/util" "^12.3.1"
    rxjs "^7.8.1"
    tslib "^2.5.3"

"@polkadot/api-derive@10.9.1":
  version "10.9.1"
  resolved "https://registry.npmmirror.com/@polkadot/api-derive/-/api-derive-10.9.1.tgz"
  integrity sha512-mRud1UZCFIc4Z63qAoGSIHh/foyUYADfy1RQYCmPpeFKfIdCIrHpd7xFdJXTOMYOS0BwlM6u4qli/ZT4XigezQ==
  dependencies:
    "@polkadot/api" "10.9.1"
    "@polkadot/api-augment" "10.9.1"
    "@polkadot/api-base" "10.9.1"
    "@polkadot/rpc-core" "10.9.1"
    "@polkadot/types" "10.9.1"
    "@polkadot/types-codec" "10.9.1"
    "@polkadot/util" "^12.3.1"
    "@polkadot/util-crypto" "^12.3.1"
    rxjs "^7.8.1"
    tslib "^2.5.3"

"@polkadot/api@^10.9.1", "@polkadot/api@10.9.1":
  version "10.9.1"
  resolved "https://registry.npmmirror.com/@polkadot/api/-/api-10.9.1.tgz"
  integrity sha512-ND/2UqZBWvtt4PfV03OStTKg0mxmPk4UpMAgJKutdgsz/wP9CYJ1KbjwFgPNekL9JnzbKQsWyQNPVrcw7kQk8A==
  dependencies:
    "@polkadot/api-augment" "10.9.1"
    "@polkadot/api-base" "10.9.1"
    "@polkadot/api-derive" "10.9.1"
    "@polkadot/keyring" "^12.3.1"
    "@polkadot/rpc-augment" "10.9.1"
    "@polkadot/rpc-core" "10.9.1"
    "@polkadot/rpc-provider" "10.9.1"
    "@polkadot/types" "10.9.1"
    "@polkadot/types-augment" "10.9.1"
    "@polkadot/types-codec" "10.9.1"
    "@polkadot/types-create" "10.9.1"
    "@polkadot/types-known" "10.9.1"
    "@polkadot/util" "^12.3.1"
    "@polkadot/util-crypto" "^12.3.1"
    eventemitter3 "^5.0.1"
    rxjs "^7.8.1"
    tslib "^2.5.3"

"@polkadot/keyring@^12.3.1":
  version "12.3.2"
  resolved "https://registry.npmmirror.com/@polkadot/keyring/-/keyring-12.3.2.tgz"
  integrity sha512-NTdtDeI0DP9l/45hXynNABeP5VB8piw5YR+CbUxK2e36xpJWVXwbcOepzslg5ghE9rs8UKJb30Z/HqTU4sBY0Q==
  dependencies:
    "@polkadot/util" "12.3.2"
    "@polkadot/util-crypto" "12.3.2"
    tslib "^2.5.3"

"@polkadot/networks@^12.3.1", "@polkadot/networks@12.3.2":
  version "12.3.2"
  resolved "https://registry.npmmirror.com/@polkadot/networks/-/networks-12.3.2.tgz"
  integrity sha512-uCkyybKoeEm1daKr0uT/9oNDHDDzCy2/ZdVl346hQqfdR1Ct3BaxMjxqvdmb5N8aCw0cBWSfgsxAYtw8ESmllQ==
  dependencies:
    "@polkadot/util" "12.3.2"
    "@substrate/ss58-registry" "^1.40.0"
    tslib "^2.5.3"

"@polkadot/rpc-augment@10.9.1":
  version "10.9.1"
  resolved "https://registry.npmmirror.com/@polkadot/rpc-augment/-/rpc-augment-10.9.1.tgz"
  integrity sha512-MaLHkNlyqN20ZRYr6uNd1BZr1OsrnX9qLAmsl0mcrri1vPGRH6VHjfFH1RBLkikpWD82v17g0l2hLwdV1ZHMcw==
  dependencies:
    "@polkadot/rpc-core" "10.9.1"
    "@polkadot/types" "10.9.1"
    "@polkadot/types-codec" "10.9.1"
    "@polkadot/util" "^12.3.1"
    tslib "^2.5.3"

"@polkadot/rpc-core@10.9.1":
  version "10.9.1"
  resolved "https://registry.npmmirror.com/@polkadot/rpc-core/-/rpc-core-10.9.1.tgz"
  integrity sha512-ZtA8B8SfXSAwVkBlCcKRHw0eSM7ec/sbiNOM5GasXPeRujUgT7lOwSH2GbUZSqe9RfRDMp6DvO9c2JoGc3LLWw==
  dependencies:
    "@polkadot/rpc-augment" "10.9.1"
    "@polkadot/rpc-provider" "10.9.1"
    "@polkadot/types" "10.9.1"
    "@polkadot/util" "^12.3.1"
    rxjs "^7.8.1"
    tslib "^2.5.3"

"@polkadot/rpc-provider@10.9.1":
  version "10.9.1"
  resolved "https://registry.npmmirror.com/@polkadot/rpc-provider/-/rpc-provider-10.9.1.tgz"
  integrity sha512-4QzT2QzD+320+eT6b79sGAA85Tt3Bb8fQvse4r5Mom2iiBd2SO81vOhxSAOaIe4GUsw25VzFJmsbe7+OObItdg==
  dependencies:
    "@polkadot/keyring" "^12.3.1"
    "@polkadot/types" "10.9.1"
    "@polkadot/types-support" "10.9.1"
    "@polkadot/util" "^12.3.1"
    "@polkadot/util-crypto" "^12.3.1"
    "@polkadot/x-fetch" "^12.3.1"
    "@polkadot/x-global" "^12.3.1"
    "@polkadot/x-ws" "^12.3.1"
    eventemitter3 "^5.0.1"
    mock-socket "^9.2.1"
    nock "^13.3.1"
    tslib "^2.5.3"
  optionalDependencies:
    "@substrate/connect" "0.7.26"

"@polkadot/types-augment@10.9.1":
  version "10.9.1"
  resolved "https://registry.npmmirror.com/@polkadot/types-augment/-/types-augment-10.9.1.tgz"
  integrity sha512-OY9/jTMFRFqYdkUnfcGwqMLC64A0Q25bjvCuVQCVjsPFKE3wl0Kt5rNT01eV2UmLXrR6fY0xWbR2w80bLA7CIQ==
  dependencies:
    "@polkadot/types" "10.9.1"
    "@polkadot/types-codec" "10.9.1"
    "@polkadot/util" "^12.3.1"
    tslib "^2.5.3"

"@polkadot/types-codec@10.9.1":
  version "10.9.1"
  resolved "https://registry.npmmirror.com/@polkadot/types-codec/-/types-codec-10.9.1.tgz"
  integrity sha512-mJ5OegKGraY1FLvEa8FopRCr3pQrhDkcn5RNOjmgJQozENVeRaxhk0NwxYz7IojFvSDnKnc6lNQfKaaSe5pLHg==
  dependencies:
    "@polkadot/util" "^12.3.1"
    "@polkadot/x-bigint" "^12.3.1"
    tslib "^2.5.3"

"@polkadot/types-create@10.9.1":
  version "10.9.1"
  resolved "https://registry.npmmirror.com/@polkadot/types-create/-/types-create-10.9.1.tgz"
  integrity sha512-OVz50MGTTuiuVnRP/zAx4CTuLioc0hsiwNwqN2lNhmIJGtnQ4Vy/7mQRsIWehiYz6g0Vzzm5B3qWkTXO1NSN5w==
  dependencies:
    "@polkadot/types-codec" "10.9.1"
    "@polkadot/util" "^12.3.1"
    tslib "^2.5.3"

"@polkadot/types-known@10.9.1":
  version "10.9.1"
  resolved "https://registry.npmmirror.com/@polkadot/types-known/-/types-known-10.9.1.tgz"
  integrity sha512-zCMVWc4pJtkbMFPu72bD4IhvV/gkHXPX3C5uu92WdmCfnn0vEIEsMKWlVXVVvQQZKAqvs/awpqIfrUtEViOGEA==
  dependencies:
    "@polkadot/networks" "^12.3.1"
    "@polkadot/types" "10.9.1"
    "@polkadot/types-codec" "10.9.1"
    "@polkadot/types-create" "10.9.1"
    "@polkadot/util" "^12.3.1"
    tslib "^2.5.3"

"@polkadot/types-support@10.9.1":
  version "10.9.1"
  resolved "https://registry.npmmirror.com/@polkadot/types-support/-/types-support-10.9.1.tgz"
  integrity sha512-XsieuLDsszvMZQlleacQBfx07i/JkwQV/UxH9q8Hz7Okmaz9pEVEW1h3ka2/cPuC7a4l32JhaORBUYshBZNdJg==
  dependencies:
    "@polkadot/util" "^12.3.1"
    tslib "^2.5.3"

"@polkadot/types@10.9.1":
  version "10.9.1"
  resolved "https://registry.npmmirror.com/@polkadot/types/-/types-10.9.1.tgz"
  integrity sha512-AG33i2ZGGfq7u+5rkAdGrXAQHHl844/Yv+junH5ZzX69xiCoWO1bH/yzDUNBdpki2GlACWvF9nLYh3F2tVF93w==
  dependencies:
    "@polkadot/keyring" "^12.3.1"
    "@polkadot/types-augment" "10.9.1"
    "@polkadot/types-codec" "10.9.1"
    "@polkadot/types-create" "10.9.1"
    "@polkadot/util" "^12.3.1"
    "@polkadot/util-crypto" "^12.3.1"
    rxjs "^7.8.1"
    tslib "^2.5.3"

"@polkadot/util-crypto@^12.3.1", "@polkadot/util-crypto@12.3.2":
  version "12.3.2"
  resolved "https://registry.npmmirror.com/@polkadot/util-crypto/-/util-crypto-12.3.2.tgz"
  integrity sha512-pTpx+YxolY0BDT4RcGmgeKbHHD/dI6Ll9xRsqmVdIjpcVVY20uDNTyXs81ZNtfKgyod1y9JQkfNv2Dz9iEpTkQ==
  dependencies:
    "@noble/curves" "1.1.0"
    "@noble/hashes" "1.3.1"
    "@polkadot/networks" "12.3.2"
    "@polkadot/util" "12.3.2"
    "@polkadot/wasm-crypto" "^7.2.1"
    "@polkadot/wasm-util" "^7.2.1"
    "@polkadot/x-bigint" "12.3.2"
    "@polkadot/x-randomvalues" "12.3.2"
    "@scure/base" "1.1.1"
    tslib "^2.5.3"

"@polkadot/util@*", "@polkadot/util@^12.3.1", "@polkadot/util@^12.3.2", "@polkadot/util@12.3.2":
  version "12.3.2"
  resolved "https://registry.npmmirror.com/@polkadot/util/-/util-12.3.2.tgz"
  integrity sha512-y/JShcGyOamCUiSIg++XZuLHt1ktSKBaSH2K5Nw5NXlgP0+7am+GZzqPB8fQ4qhYLruEOv+YRiz0GC1Zr9S+wg==
  dependencies:
    "@polkadot/x-bigint" "12.3.2"
    "@polkadot/x-global" "12.3.2"
    "@polkadot/x-textdecoder" "12.3.2"
    "@polkadot/x-textencoder" "12.3.2"
    "@types/bn.js" "^5.1.1"
    bn.js "^5.2.1"
    tslib "^2.5.3"

"@polkadot/wasm-bridge@7.2.1":
  version "7.2.1"
  resolved "https://registry.npmmirror.com/@polkadot/wasm-bridge/-/wasm-bridge-7.2.1.tgz"
  integrity sha512-uV/LHREDBGBbHrrv7HTki+Klw0PYZzFomagFWII4lp6Toj/VCvRh5WMzooVC+g/XsBGosAwrvBhoModabyHx+A==
  dependencies:
    "@polkadot/wasm-util" "7.2.1"
    tslib "^2.5.0"

"@polkadot/wasm-crypto-asmjs@7.2.1":
  version "7.2.1"
  resolved "https://registry.npmmirror.com/@polkadot/wasm-crypto-asmjs/-/wasm-crypto-asmjs-7.2.1.tgz"
  integrity sha512-z/d21bmxyVfkzGsKef/FWswKX02x5lK97f4NPBZ9XBeiFkmzlXhdSnu58/+b1sKsRAGdW/Rn/rTNRDhW0GqCAg==
  dependencies:
    tslib "^2.5.0"

"@polkadot/wasm-crypto-init@7.2.1":
  version "7.2.1"
  resolved "https://registry.npmmirror.com/@polkadot/wasm-crypto-init/-/wasm-crypto-init-7.2.1.tgz"
  integrity sha512-GcEXtwN9LcSf32V9zSaYjHImFw16hCyo2Xzg4GLLDPPeaAAfbFr2oQMgwyDbvBrBjLKHVHjsPZyGhXae831amw==
  dependencies:
    "@polkadot/wasm-bridge" "7.2.1"
    "@polkadot/wasm-crypto-asmjs" "7.2.1"
    "@polkadot/wasm-crypto-wasm" "7.2.1"
    "@polkadot/wasm-util" "7.2.1"
    tslib "^2.5.0"

"@polkadot/wasm-crypto-wasm@7.2.1":
  version "7.2.1"
  resolved "https://registry.npmmirror.com/@polkadot/wasm-crypto-wasm/-/wasm-crypto-wasm-7.2.1.tgz"
  integrity sha512-DqyXE4rSD0CVlLIw88B58+HHNyrvm+JAnYyuEDYZwCvzUWOCNos/DDg9wi/K39VAIsCCKDmwKqkkfIofuOj/lA==
  dependencies:
    "@polkadot/wasm-util" "7.2.1"
    tslib "^2.5.0"

"@polkadot/wasm-crypto@^7.2.1":
  version "7.2.1"
  resolved "https://registry.npmmirror.com/@polkadot/wasm-crypto/-/wasm-crypto-7.2.1.tgz"
  integrity sha512-SA2+33S9TAwGhniKgztVN6pxUKpGfN4Tre/eUZGUfpgRkT92wIUT2GpGWQE+fCCqGQgADrNiBcwt6XwdPqMQ4Q==
  dependencies:
    "@polkadot/wasm-bridge" "7.2.1"
    "@polkadot/wasm-crypto-asmjs" "7.2.1"
    "@polkadot/wasm-crypto-init" "7.2.1"
    "@polkadot/wasm-crypto-wasm" "7.2.1"
    "@polkadot/wasm-util" "7.2.1"
    tslib "^2.5.0"

"@polkadot/wasm-util@*", "@polkadot/wasm-util@^7.2.1", "@polkadot/wasm-util@7.2.1":
  version "7.2.1"
  resolved "https://registry.npmmirror.com/@polkadot/wasm-util/-/wasm-util-7.2.1.tgz"
  integrity sha512-FBSn/3aYJzhN0sYAYhHB8y9JL8mVgxLy4M1kUXYbyo+8GLRQEN5rns8Vcb8TAlIzBWgVTOOptYBvxo0oj0h7Og==
  dependencies:
    tslib "^2.5.0"

"@polkadot/x-bigint@^12.3.1", "@polkadot/x-bigint@12.3.2":
  version "12.3.2"
  resolved "https://registry.npmmirror.com/@polkadot/x-bigint/-/x-bigint-12.3.2.tgz"
  integrity sha512-JLqLgfGXe/x+hZJETd5ZqfpVsbwyMsH5Nn1Q20ineMMjXN/ig+kVR8Mc15LXBMuw4g7LldFW6UUrotWnuMI8Yw==
  dependencies:
    "@polkadot/x-global" "12.3.2"
    tslib "^2.5.3"

"@polkadot/x-fetch@^12.3.1":
  version "12.3.2"
  resolved "https://registry.npmmirror.com/@polkadot/x-fetch/-/x-fetch-12.3.2.tgz"
  integrity sha512-3IEuZ5S+RI/t33NsdPLIIa5COfDCfpUW2sbaByEczn75aD1jLqJZSEDwiBniJ2osyNd4uUxBf6e5jw7LAZeZJg==
  dependencies:
    "@polkadot/x-global" "12.3.2"
    node-fetch "^3.3.1"
    tslib "^2.5.3"

"@polkadot/x-global@^12.3.1", "@polkadot/x-global@12.3.2":
  version "12.3.2"
  resolved "https://registry.npmmirror.com/@polkadot/x-global/-/x-global-12.3.2.tgz"
  integrity sha512-yVZq6oIegjlyh5rUZiTklgu+fL+W/DG1ypEa02683tUCB3avV5cA3PAHKptMSlb6FpweHu37lKKrqfAWrraDxg==
  dependencies:
    tslib "^2.5.3"

"@polkadot/x-randomvalues@*", "@polkadot/x-randomvalues@12.3.2":
  version "12.3.2"
  resolved "https://registry.npmmirror.com/@polkadot/x-randomvalues/-/x-randomvalues-12.3.2.tgz"
  integrity sha512-ywjIs8CWpvOGmq+3cGCNPOHxAjPHdBUiXyDccftx5BRVdmtbt36gK/V84bKr6Xs73FGu0jprUAOSRRsLZX/3dg==
  dependencies:
    "@polkadot/x-global" "12.3.2"
    tslib "^2.5.3"

"@polkadot/x-textdecoder@12.3.2":
  version "12.3.2"
  resolved "https://registry.npmmirror.com/@polkadot/x-textdecoder/-/x-textdecoder-12.3.2.tgz"
  integrity sha512-lY5bfA5xArJRWEJlYOlQQMJeTjWD8s0yMhchirVgf5xj8Id9vPGeUoneH+VFDEwgXxrqBvDFJ4smN4T/r6a/fg==
  dependencies:
    "@polkadot/x-global" "12.3.2"
    tslib "^2.5.3"

"@polkadot/x-textencoder@12.3.2":
  version "12.3.2"
  resolved "https://registry.npmmirror.com/@polkadot/x-textencoder/-/x-textencoder-12.3.2.tgz"
  integrity sha512-iP3qEBiHzBckQ9zeY7ZHRWuu7mCEg5SMpOugs6UODRk8sx6KHzGQYlghBbWLit0uppPDVE0ifEwZ2n73djJHWQ==
  dependencies:
    "@polkadot/x-global" "12.3.2"
    tslib "^2.5.3"

"@polkadot/x-ws@^12.3.1":
  version "12.3.2"
  resolved "https://registry.npmmirror.com/@polkadot/x-ws/-/x-ws-12.3.2.tgz"
  integrity sha512-yM9Z64pLNlHpJE43+Xtr+iUXmYpFFY5u5hrke2PJt13O48H8f9Vb9cRaIh94appLyICoS0aekGhDkGH+MCspBA==
  dependencies:
    "@polkadot/x-global" "12.3.2"
    tslib "^2.5.3"
    ws "^8.13.0"

"@scure/base@1.1.1":
  version "1.1.1"
  resolved "https://registry.npmmirror.com/@scure/base/-/base-1.1.1.tgz"
  integrity sha512-ZxOhsSyxYwLJj3pLZCefNitxsj093tb2vq90mp2txoYeBqbcjDjqFhyM8eUjq/uFm6zJ+mUuqxlS2FkuSY1MTA==

"@substrate/connect-extension-protocol@^1.0.1":
  version "1.0.1"
  resolved "https://registry.npmmirror.com/@substrate/connect-extension-protocol/-/connect-extension-protocol-1.0.1.tgz"
  integrity sha512-161JhCC1csjH3GE5mPLEd7HbWtwNSPJBg3p1Ksz9SFlTzj/bgEwudiRN2y5i0MoLGCIJRYKyKGMxVnd29PzNjg==

"@substrate/connect@0.7.26":
  version "0.7.26"
  resolved "https://registry.npmmirror.com/@substrate/connect/-/connect-0.7.26.tgz"
  integrity sha512-uuGSiroGuKWj1+38n1kY5HReer5iL9bRwPCzuoLtqAOmI1fGI0hsSI2LlNQMAbfRgr7VRHXOk5MTuQf5ulsFRw==
  dependencies:
    "@substrate/connect-extension-protocol" "^1.0.1"
    eventemitter3 "^4.0.7"
    smoldot "1.0.4"

"@substrate/ss58-registry@^1.40.0":
  version "1.40.0"
  resolved "https://registry.npmmirror.com/@substrate/ss58-registry/-/ss58-registry-1.40.0.tgz"
  integrity sha512-QuU2nBql3J4KCnOWtWDw4n1K4JU0T79j54ZZvm/9nhsX6AIar13FyhsaBfs6QkJ2ixTQAnd7TocJIoJRWbqMZA==

"@types/bn.js@^5.1.1":
  version "5.1.1"
  resolved "https://registry.npmmirror.com/@types/bn.js/-/bn.js-5.1.1.tgz"
  integrity sha512-qNrYbZqMx0uJAfKnKclPh+dTwK33KfLHYqtyODwd5HnXOjnkhc4qgn3BrK6RWyGZm5+sIFE7Q7Vz6QQtJB7w7g==
  dependencies:
    "@types/node" "*"

"@types/node@*":
  version "20.3.1"
  resolved "https://registry.npmmirror.com/@types/node/-/node-20.3.1.tgz"
  integrity sha512-EhcH/wvidPy1WeML3TtYFGR83UzjxeWRen9V402T8aUGYsCHOmfoisV3ZSg03gAFIbLq8TnWOJ0f4cALtnSEUg==

abbrev@1:
  version "1.1.1"
  resolved "https://registry.npmmirror.com/abbrev/-/abbrev-1.1.1.tgz"
  integrity sha512-nne9/IiQ/hzIhY6pdDnbBtz7DjPTKrY00P/zvPSm5pOFkl6xuGrGnXn/VtTNNfNtAfZ9/1RtehkszU9qcTii0Q==

anymatch@~3.1.2:
  version "3.1.3"
  resolved "https://registry.npmmirror.com/anymatch/-/anymatch-3.1.3.tgz"
  integrity sha512-KMReFUr0B4t+D+OBkjR3KYqvocp2XaSzO55UcB6mgQMd3KbcE+mWTyvVV7D/zsdEbNnV6acZUutkiHQXvTr1Rw==
  dependencies:
    normalize-path "^3.0.0"
    picomatch "^2.0.4"

balanced-match@^1.0.0:
  version "1.0.2"
  resolved "https://registry.npmmirror.com/balanced-match/-/balanced-match-1.0.2.tgz"
  integrity sha512-3oSeUO0TMV67hN1AmbXsK4yaqU7tjiHlbxRDZOpH0KW9+CeX4bRAaX0Anxt0tx2MrpRpWwQaPwIlISEJhYU5Pw==

binary-extensions@^2.0.0:
  version "2.2.0"
  resolved "https://registry.npmmirror.com/binary-extensions/-/binary-extensions-2.2.0.tgz"
  integrity sha512-jDctJ/IVQbZoJykoeHbhXpOlNBqGNcwXJKJog42E5HDPUwQTSdjCHdihjj0DlnheQ7blbT6dHOafNAiS8ooQKA==

bn.js@^5.2.1:
  version "5.2.1"
  resolved "https://registry.npmmirror.com/bn.js/-/bn.js-5.2.1.tgz"
  integrity sha512-eXRvHzWyYPBuB4NBy0cmYQjGitUrtqwbvlzP3G6VFnNRbsZQIxQ10PbKKHt8gZ/HW/D/747aDl+QkDqg3KQLMQ==

brace-expansion@^1.1.7:
  version "1.1.11"
  resolved "https://registry.npmmirror.com/brace-expansion/-/brace-expansion-1.1.11.tgz"
  integrity sha512-iCuPHDFgrHX7H2vEI/5xpz07zSHB00TpugqhmYtVmMO6518mCuRMoOYFldEBl0g187ufozdaHgWKcYFb61qGiA==
  dependencies:
    balanced-match "^1.0.0"
    concat-map "0.0.1"

braces@~3.0.2:
  version "3.0.2"
  resolved "https://registry.npmmirror.com/braces/-/braces-3.0.2.tgz"
  integrity sha512-b8um+L1RzM3WDSzvhm6gIz1yfTbBt6YTlcEKAvsmqCZZFw46z626lVj9j1yEPW33H5H+lBQpZMP1k8l+78Ha0A==
  dependencies:
    fill-range "^7.0.1"

chokidar@^3.5.2:
  version "3.5.3"
  resolved "https://registry.npmmirror.com/chokidar/-/chokidar-3.5.3.tgz"
  integrity sha512-Dr3sfKRP6oTcjf2JmUmFJfeVMvXBdegxB0iVQ5eb2V10uFJUCAS8OByZdVAyVb8xXNz3GjjTgj9kLWsZTqE6kw==
  dependencies:
    anymatch "~3.1.2"
    braces "~3.0.2"
    glob-parent "~5.1.2"
    is-binary-path "~2.1.0"
    is-glob "~4.0.1"
    normalize-path "~3.0.0"
    readdirp "~3.6.0"
  optionalDependencies:
    fsevents "~2.3.2"

concat-map@0.0.1:
  version "0.0.1"
  resolved "https://registry.npmmirror.com/concat-map/-/concat-map-0.0.1.tgz"
  integrity sha512-/Srv4dswyQNBfohGpz9o6Yb3Gz3SrUDqBH5rTuhGR7ahtlbYKnVxw2bCFMRljaA7EXHaXZ8wsHdodFvbkhKmqg==

data-uri-to-buffer@^4.0.0:
  version "4.0.1"
  resolved "https://registry.npmmirror.com/data-uri-to-buffer/-/data-uri-to-buffer-4.0.1.tgz"
  integrity sha512-0R9ikRb668HB7QDxT1vkpuUBtqc53YyAwMwGeUFKRojY/NWKvdZ+9UYtRfGmhqNbRkTSVpMbmyhXipFFv2cb/A==

debug@^3.2.7:
  version "3.2.7"
  resolved "https://registry.npmmirror.com/debug/-/debug-3.2.7.tgz"
  integrity sha512-CFjzYYAi4ThfiQvizrFQevTTXHtnCqWfe7x1AhgEscTz6ZbLbfoLRLPugTQyBth6f8ZERVUSyWHFD/7Wu4t1XQ==
  dependencies:
    ms "^2.1.1"

debug@^4.1.0:
  version "4.3.4"
  resolved "https://registry.npmmirror.com/debug/-/debug-4.3.4.tgz"
  integrity sha512-PRWFHuSU3eDtQJPvnNY7Jcket1j0t5OuOsFzPPzsekD52Zl8qUfFIPEiswXqIvHWGVHOgX+7G/vCNNhehwxfkQ==
  dependencies:
    ms "2.1.2"

eventemitter3@^4.0.7:
  version "4.0.7"
  resolved "https://registry.npmmirror.com/eventemitter3/-/eventemitter3-4.0.7.tgz"
  integrity sha512-8guHBZCwKnFhYdHr2ysuRWErTwhoN2X8XELRlrRwpmfeY2jjuUN4taQMsULKUVo1K4DvZl+0pgfyoysHxvmvEw==

eventemitter3@^5.0.1:
  version "5.0.1"
  resolved "https://registry.npmmirror.com/eventemitter3/-/eventemitter3-5.0.1.tgz"
  integrity sha512-GWkBvjiSZK87ELrYOSESUYeVIc9mvLLf/nXalMOS5dYrgZq9o5OVkbZAVM06CVxYsCwH9BDZFPlQTlPA1j4ahA==

fetch-blob@^3.1.2, fetch-blob@^3.1.4:
  version "3.2.0"
  resolved "https://registry.npmmirror.com/fetch-blob/-/fetch-blob-3.2.0.tgz"
  integrity sha512-7yAQpD2UMJzLi1Dqv7qFYnPbaPx7ZfFK6PiIxQ4PfkGPyNyl2Ugx+a/umUonmKqjhM4DnfbMvdX6otXq83soQQ==
  dependencies:
    node-domexception "^1.0.0"
    web-streams-polyfill "^3.0.3"

fill-range@^7.0.1:
  version "7.0.1"
  resolved "https://registry.npmmirror.com/fill-range/-/fill-range-7.0.1.tgz"
  integrity sha512-qOo9F+dMUmC2Lcb4BbVvnKJxTPjCm+RRpe4gDuGrzkL7mEVl/djYSu2OdQ2Pa302N4oqkSg9ir6jaLWJ2USVpQ==
  dependencies:
    to-regex-range "^5.0.1"

formdata-polyfill@^4.0.10:
  version "4.0.10"
  resolved "https://registry.npmmirror.com/formdata-polyfill/-/formdata-polyfill-4.0.10.tgz"
  integrity sha512-buewHzMvYL29jdeQTVILecSaZKnt/RJWjoZCF5OW60Z67/GmSLBkOFM7qh1PI3zFNtJbaZL5eQu1vLfazOwj4g==
  dependencies:
    fetch-blob "^3.1.2"

fsevents@~2.3.2:
  version "2.3.2"
  resolved "https://registry.npmmirror.com/fsevents/-/fsevents-2.3.2.tgz"
  integrity sha512-xiqMQR4xAeHTuB9uWm+fFRcIOgKBMiOBP+eXiyT7jsgVCq1bkVygt00oASowB7EdtpOHaaPgKt812P9ab+DDKA==

glob-parent@~5.1.2:
  version "5.1.2"
  resolved "https://registry.npmmirror.com/glob-parent/-/glob-parent-5.1.2.tgz"
  integrity sha512-AOIgSQCepiJYwP3ARnGx+5VnTu2HBYdzbGP45eLw1vr3zB3vZLeyed1sC9hnbcOc9/SrMyM5RPQrkGz4aS9Zow==
  dependencies:
    is-glob "^4.0.1"

has-flag@^3.0.0:
  version "3.0.0"
  resolved "https://registry.npmmirror.com/has-flag/-/has-flag-3.0.0.tgz"
  integrity sha512-sKJf1+ceQBr4SMkvQnBDNDtf4TXpVhVGateu0t918bl30FnbE2m4vNLX+VWe/dpjlb+HugGYzW7uQXH98HPEYw==

ignore-by-default@^1.0.1:
  version "1.0.1"
  resolved "https://registry.npmmirror.com/ignore-by-default/-/ignore-by-default-1.0.1.tgz"
  integrity sha512-Ius2VYcGNk7T90CppJqcIkS5ooHUZyIQK+ClZfMfMNFEF9VSE73Fq+906u/CWu92x4gzZMWOwfFYckPObzdEbA==

is-binary-path@~2.1.0:
  version "2.1.0"
  resolved "https://registry.npmmirror.com/is-binary-path/-/is-binary-path-2.1.0.tgz"
  integrity sha512-ZMERYes6pDydyuGidse7OsHxtbI7WVeUEozgR/g7rd0xUimYNlvZRE/K2MgZTjWy725IfelLeVcEM97mmtRGXw==
  dependencies:
    binary-extensions "^2.0.0"

is-extglob@^2.1.1:
  version "2.1.1"
  resolved "https://registry.npmmirror.com/is-extglob/-/is-extglob-2.1.1.tgz"
  integrity sha512-SbKbANkN603Vi4jEZv49LeVJMn4yGwsbzZworEoyEiutsN3nJYdbO36zfhGJ6QEDpOZIFkDtnq5JRxmvl3jsoQ==

is-glob@^4.0.1, is-glob@~4.0.1:
  version "4.0.3"
  resolved "https://registry.npmmirror.com/is-glob/-/is-glob-4.0.3.tgz"
  integrity sha512-xelSayHH36ZgE7ZWhli7pW34hNbNl8Ojv5KVmkJD4hBdD3th8Tfk9vYasLM+mXWOZhFkgZfxhLSnrwRr4elSSg==
  dependencies:
    is-extglob "^2.1.1"

is-number@^7.0.0:
  version "7.0.0"
  resolved "https://registry.npmmirror.com/is-number/-/is-number-7.0.0.tgz"
  integrity sha512-41Cifkg6e8TylSpdtTpeLVMqvSBEVzTttHvERD741+pnZ8ANv0004MRL43QKPDlK9cGvNp6NZWZUBlbGXYxxng==

json-stringify-safe@^5.0.1:
  version "5.0.1"
  resolved "https://registry.npmmirror.com/json-stringify-safe/-/json-stringify-safe-5.0.1.tgz"
  integrity sha512-ZClg6AaYvamvYEE82d3Iyd3vSSIjQ+odgjaTzRuO3s7toCdFKczob2i0zCh7JE8kWn17yvAWhUVxvqGwUalsRA==

lodash@^4.17.21:
  version "4.17.21"
  resolved "https://registry.npmmirror.com/lodash/-/lodash-4.17.21.tgz"
  integrity sha512-v2kDEe57lecTulaDIuNTPy3Ry4gLGJ6Z1O3vE1krgXZNrsQ+LFTGHVxVjcXPs17LhbZVGedAJv8XZ1tvj5FvSg==

minimatch@^3.1.2:
  version "3.1.2"
  resolved "https://registry.npmmirror.com/minimatch/-/minimatch-3.1.2.tgz"
  integrity sha512-J7p63hRiAjw1NDEww1W7i37+ByIrOWO5XQQAzZ3VOcL0PNybwpfmV/N05zFAzwQ9USyEcX6t3UO+K5aqBQOIHw==
  dependencies:
    brace-expansion "^1.1.7"

mock-socket@^9.2.1:
  version "9.2.1"
  resolved "https://registry.npmmirror.com/mock-socket/-/mock-socket-9.2.1.tgz"
  integrity sha512-aw9F9T9G2zpGipLLhSNh6ZpgUyUl4frcVmRN08uE1NWPWg43Wx6+sGPDbQ7E5iFZZDJW5b5bypMeAEHqTbIFag==

ms@^2.1.1, ms@2.1.2:
  version "2.1.2"
  resolved "https://registry.npmmirror.com/ms/-/ms-2.1.2.tgz"
  integrity sha512-sGkPx+VjMtmA6MX27oA4FBFELFCZZ4S4XqeGOXCv68tT+jb3vk/RyaKWP0PTKyWtmLSM0b+adUTEvbs1PEaH2w==

nock@^13.3.1:
  version "13.3.1"
  resolved "https://registry.npmmirror.com/nock/-/nock-13.3.1.tgz"
  integrity sha512-vHnopocZuI93p2ccivFyGuUfzjq2fxNyNurp7816mlT5V5HF4SzXu8lvLrVzBbNqzs+ODooZ6OksuSUNM7Njkw==
  dependencies:
    debug "^4.1.0"
    json-stringify-safe "^5.0.1"
    lodash "^4.17.21"
    propagate "^2.0.0"

node-domexception@^1.0.0:
  version "1.0.0"
  resolved "https://registry.npmmirror.com/node-domexception/-/node-domexception-1.0.0.tgz"
  integrity sha512-/jKZoMpw0F8GRwl4/eLROPA3cfcXtLApP0QzLmUT/HuPCZWyB7IY9ZrMeKw2O/nFIqPQB3PVM9aYm0F312AXDQ==

node-fetch@^3.3.1:
  version "3.3.1"
  resolved "https://registry.npmmirror.com/node-fetch/-/node-fetch-3.3.1.tgz"
  integrity sha512-cRVc/kyto/7E5shrWca1Wsea4y6tL9iYJE5FBCius3JQfb/4P4I295PfhgbJQBLTx6lATE4z+wK0rPM4VS2uow==
  dependencies:
    data-uri-to-buffer "^4.0.0"
    fetch-blob "^3.1.4"
    formdata-polyfill "^4.0.10"

nodemon@^2.0.6:
  version "2.0.22"
  resolved "https://registry.npmmirror.com/nodemon/-/nodemon-2.0.22.tgz"
  integrity sha512-B8YqaKMmyuCO7BowF1Z1/mkPqLk6cs/l63Ojtd6otKjMx47Dq1utxfRxcavH1I7VSaL8n5BUaoutadnsX3AAVQ==
  dependencies:
    chokidar "^3.5.2"
    debug "^3.2.7"
    ignore-by-default "^1.0.1"
    minimatch "^3.1.2"
    pstree.remy "^1.1.8"
    semver "^5.7.1"
    simple-update-notifier "^1.0.7"
    supports-color "^5.5.0"
    touch "^3.1.0"
    undefsafe "^2.0.5"

nopt@~1.0.10:
  version "1.0.10"
  resolved "https://registry.npmmirror.com/nopt/-/nopt-1.0.10.tgz"
  integrity sha512-NWmpvLSqUrgrAC9HCuxEvb+PSloHpqVu+FqcO4eeF2h5qYRhA7ev6KvelyQAKtegUbC6RypJnlEOhd8vloNKYg==
  dependencies:
    abbrev "1"

normalize-path@^3.0.0, normalize-path@~3.0.0:
  version "3.0.0"
  resolved "https://registry.npmmirror.com/normalize-path/-/normalize-path-3.0.0.tgz"
  integrity sha512-6eZs5Ls3WtCisHWp9S2GUy8dqkpGi4BVSz3GaqiE6ezub0512ESztXUwUB6C6IKbQkY2Pnb/mD4WYojCRwcwLA==

pako@^2.0.4:
  version "2.1.0"
  resolved "https://registry.npmmirror.com/pako/-/pako-2.1.0.tgz"
  integrity sha512-w+eufiZ1WuJYgPXbV/PO3NCMEc3xqylkKHzp8bxp1uW4qaSNQUkwmLLEc3kKsfz8lpV1F8Ht3U1Cm+9Srog2ug==

picomatch@^2.0.4, picomatch@^2.2.1:
  version "2.3.1"
  resolved "https://registry.npmmirror.com/picomatch/-/picomatch-2.3.1.tgz"
  integrity sha512-JU3teHTNjmE2VCGFzuY8EXzCDVwEqB2a8fsIvwaStHhAWJEeVd1o1QD80CU6+ZdEXXSLbSsuLwJjkCBWqRQUVA==

propagate@^2.0.0:
  version "2.0.1"
  resolved "https://registry.npmmirror.com/propagate/-/propagate-2.0.1.tgz"
  integrity sha512-vGrhOavPSTz4QVNuBNdcNXePNdNMaO1xj9yBeH1ScQPjk/rhg9sSlCXPhMkFuaNNW/syTvYqsnbIJxMBfRbbag==

pstree.remy@^1.1.8:
  version "1.1.8"
  resolved "https://registry.npmmirror.com/pstree.remy/-/pstree.remy-1.1.8.tgz"
  integrity sha512-77DZwxQmxKnu3aR542U+X8FypNzbfJ+C5XQDk3uWjWxn6151aIMGthWYRXTqT1E5oJvg+ljaa2OJi+VfvCOQ8w==

readdirp@~3.6.0:
  version "3.6.0"
  resolved "https://registry.npmmirror.com/readdirp/-/readdirp-3.6.0.tgz"
  integrity sha512-hOS089on8RduqdbhvQ5Z37A0ESjsqz6qnRcffsMU3495FuTdqSm+7bhJ29JvIOsBDEEnan5DPu9t3To9VRlMzA==
  dependencies:
    picomatch "^2.2.1"

rxjs@^7.8.1:
  version "7.8.1"
  resolved "https://registry.npmmirror.com/rxjs/-/rxjs-7.8.1.tgz"
  integrity sha512-AA3TVj+0A2iuIoQkWEK/tqFjBq2j+6PO6Y0zJcvzLAFhEFIO3HL0vls9hWLncZbAAbK0mar7oZ4V079I/qPMxg==
  dependencies:
    tslib "^2.1.0"

semver@^5.7.1:
  version "5.7.1"
  resolved "https://registry.npmmirror.com/semver/-/semver-5.7.1.tgz"
  integrity sha512-sauaDf/PZdVgrLTNYHRtpXa1iRiKcaebiKQ1BJdpQlWH2lCvexQdX55snPFyK7QzpudqbCI0qXFfOasHdyNDGQ==

semver@~7.0.0:
  version "7.0.0"
  resolved "https://registry.npmmirror.com/semver/-/semver-7.0.0.tgz"
  integrity sha512-+GB6zVA9LWh6zovYQLALHwv5rb2PHGlJi3lfiqIHxR0uuwCgefcOJc59v9fv1w8GbStwxuuqqAjI9NMAOOgq1A==

simple-update-notifier@^1.0.7:
  version "1.1.0"
  resolved "https://registry.npmmirror.com/simple-update-notifier/-/simple-update-notifier-1.1.0.tgz"
  integrity sha512-VpsrsJSUcJEseSbMHkrsrAVSdvVS5I96Qo1QAQ4FxQ9wXFcB+pjj7FB7/us9+GcgfW4ziHtYMc1J0PLczb55mg==
  dependencies:
    semver "~7.0.0"

smoldot@1.0.4:
  version "1.0.4"
  resolved "https://registry.npmmirror.com/smoldot/-/smoldot-1.0.4.tgz"
  integrity sha512-N3TazI1C4GGrseFH/piWyZCCCRJTRx2QhDfrUKRT4SzILlW5m8ayZ3QTKICcz1C/536T9cbHHJyP7afxI6Mi1A==
  dependencies:
    pako "^2.0.4"
    ws "^8.8.1"

supports-color@^5.5.0:
  version "5.5.0"
  resolved "https://registry.npmmirror.com/supports-color/-/supports-color-5.5.0.tgz"
  integrity sha512-QjVjwdXIt408MIiAqCX4oUKsgU2EqAGzs2Ppkm4aQYbjm+ZEWEcW4SfFNTr4uMNZma0ey4f5lgLrkB0aX0QMow==
  dependencies:
    has-flag "^3.0.0"

to-regex-range@^5.0.1:
  version "5.0.1"
  resolved "https://registry.npmmirror.com/to-regex-range/-/to-regex-range-5.0.1.tgz"
  integrity sha512-65P7iz6X5yEr1cwcgvQxbbIw7Uk3gOy5dIdtZ4rDveLqhrdJP+Li/Hx6tyK0NEb+2GCyneCMJiGqrADCSNk8sQ==
  dependencies:
    is-number "^7.0.0"

touch@^3.1.0:
  version "3.1.0"
  resolved "https://registry.npmmirror.com/touch/-/touch-3.1.0.tgz"
  integrity sha512-WBx8Uy5TLtOSRtIq+M03/sKDrXCLHxwDcquSP2c43Le03/9serjQBIztjRz6FkJez9D/hleyAXTBGLwwZUw9lA==
  dependencies:
    nopt "~1.0.10"

tslib@^2.1.0, tslib@^2.5.0, tslib@^2.5.3:
  version "2.5.3"
  resolved "https://registry.npmmirror.com/tslib/-/tslib-2.5.3.tgz"
  integrity sha512-mSxlJJwl3BMEQCUNnxXBU9jP4JBktcEGhURcPR6VQVlnP0FdDEsIaz0C35dXNGLyRfrATNofF0F5p2KPxQgB+w==

undefsafe@^2.0.5:
  version "2.0.5"
  resolved "https://registry.npmmirror.com/undefsafe/-/undefsafe-2.0.5.tgz"
  integrity sha512-WxONCrssBM8TSPRqN5EmsjVrsv4A8X12J4ArBiiayv3DyyG3ZlIg6yysuuSYdZsVz3TKcTg2fd//Ujd4CHV1iA==

web-streams-polyfill@^3.0.3:
  version "3.2.1"
  resolved "https://registry.npmmirror.com/web-streams-polyfill/-/web-streams-polyfill-3.2.1.tgz"
  integrity sha512-e0MO3wdXWKrLbL0DgGnUV7WHVuw9OUvL4hjgnPkIeEvESk74gAITi5G606JtZPp39cd8HA9VQzCIvA49LpPN5Q==

ws@^8.13.0, ws@^8.8.1:
  version "8.13.0"
  resolved "https://registry.npmmirror.com/ws/-/ws-8.13.0.tgz"
  integrity sha512-x9vcZYTrFPC7aSIbj7sRCYo7L/Xb8Iy+pW0ng0wt2vCJv7M9HOMy0UoN3rr+IFC7hb7vXoqS+P9ktyLLLhO+LA==
